
Microsoft Visual Studio Solution File, Format Version 12.00
# Visual Studio Version 16
VisualStudioVersion = 16.0.30711.63
MinimumVisualStudioVersion = 10.0.40219.1
Project("{FAE04EC0-301F-11D3-BF4B-00C04F79EFBC}") = "CongNghePhanMem", "CongNghePhanMem\CongNghePhanMem.csproj", "{EA4DABC8-D46B-453E-B399-3444A336407E}"
EndProject
Global
	GlobalSection(SolutionConfigurationPlatforms) = preSolution
		Debug|Any CPU = Debug|Any CPU
		Release|Any CPU = Release|Any CPU
	EndGlobalSection
	GlobalSection(ProjectConfigurationPlatforms) = postSolution
		{EA4DABC8-D46B-453E-B399-3444A336407E}.Debug|Any CPU.ActiveCfg = Debug|Any CPU
		{EA4DABC8-D46B-453E-B399-3444A336407E}.Debug|Any CPU.Build.0 = Debug|Any CPU
		{EA4DABC8-D46B-453E-B399-3444A336407E}.Release|Any CPU.ActiveCfg = Release|Any CPU
		{EA4DABC8-D46B-453E-B399-3444A336407E}.Release|Any CPU.Build.0 = Release|Any CPU
	EndGlobalSection
	GlobalSection(SolutionProperties) = preSolution
		HideSolutionNode = FALSE
	EndGlobalSection
	GlobalSection(ExtensibilityGlobals) = postSolution
		SolutionGuid = {252D6E2B-85B6-4B93-9C78-45B533D2279E}
	EndGlobalSection
EndGlobal
